// !$*UTF8*$!
{
	archiveVersion = 1;
	classes = {
	};
	objectVersion = 46;
	objects = {

/* Begin PBXBuildFile section */
		BDF8B4211C527BF00044F450 /* AppDelegate.swift in Sources */ = {isa = PBXBuildFile; fileRef = BDF8B4201C527BF00044F450 /* AppDelegate.swift */; };
		BDF8B4231C527BF00044F450 /* ViewController.swift in Sources */ = {isa = PBXBuildFile; fileRef = BDF8B4221C527BF00044F450 /* ViewController.swift */; };
		BDF8B4261C527BF00044F450 /* Main.storyboard in Resources */ = {isa = PBXBuildFile; fileRef = BDF8B4241C527BF00044F450 /* Main.storyboard */; };
		BDF8B4281C527BF00044F450 /* Assets.xcassets in Resources */ = {isa = PBXBuildFile; fileRef = BDF8B4271C527BF00044F450 /* Assets.xcassets */; };
		BDF8B42B1C527BF00044F450 /* LaunchScreen.storyboard in Resources */ = {isa = PBXBuildFile; fileRef = BDF8B4291C527BF00044F450 /* LaunchScreen.storyboard */; };
		BDF8B4331C52B4C20044F450 /* DragImg.swift in Sources */ = {isa = PBXBuildFile; fileRef = BDF8B4321C52B4C20044F450 /* DragImg.swift */; };
		BDF8B4351C52BCEA0044F450 /* MonsterImg.swift in Sources */ = {isa = PBXBuildFile; fileRef = BDF8B4341C52BCEA0044F450 /* MonsterImg.swift */; };
		BDF8B43B1C54759E0044F450 /* bite.wav in Resources */ = {isa = PBXBuildFile; fileRef = BDF8B4361C54759E0044F450 /* bite.wav */; };
		BDF8B43C1C54759E0044F450 /* cave-music.mp3 in Resources */ = {isa = PBXBuildFile; fileRef = BDF8B4371C54759E0044F450 /* cave-music.mp3 */; };
		BDF8B43D1C54759E0044F450 /* death.wav in Resources */ = {isa = PBXBuildFile; fileRef = BDF8B4381C54759E0044F450 /* death.wav */; };
		BDF8B43E1C54759E0044F450 /* heart.wav in Resources */ = {isa = PBXBuildFile; fileRef = BDF8B4391C54759E0044F450 /* heart.wav */; };
		BDF8B43F1C54759E0044F450 /* skull.wav in Resources */ = {isa = PBXBuildFile; fileRef = BDF8B43A1C54759E0044F450 /* skull.wav */; };
/* End PBXBuildFile section */

/* Begin PBXFileReference section */
		BDF8B41D1C527BF00044F450 /* MyLittleMonster.app */ = {isa = PBXFileReference; explicitFileType = wrapper.application; includeInIndex = 0; path = MyLittleMonster.app; sourceTree = BUILT_PRODUCTS_DIR; };
		BDF8B4201C527BF00044F450 /* AppDelegate.swift */ = {isa = PBXFileReference; lastKnownFileType = sourcecode.swift; path = AppDelegate.swift; sourceTree = "<group>"; };
		BDF8B4221C527BF00044F450 /* ViewController.swift */ = {isa = PBXFileReference; lastKnownFileType = sourcecode.swift; path = ViewController.swift; sourceTree = "<group>"; };
		BDF8B4251C527BF00044F450 /* Base */ = {isa = PBXFileReference; lastKnownFileType = file.storyboard; name = Base; path = Base.lproj/Main.storyboard; sourceTree = "<group>"; };
		BDF8B4271C527BF00044F450 /* Assets.xcassets */ = {isa = PBXFileReference; lastKnownFileType = folder.assetcatalog; path = Assets.xcassets; sourceTree = "<group>"; };
		BDF8B42A1C527BF00044F450 /* Base */ = {isa = PBXFileReference; lastKnownFileType = file.storyboard; name = Base; path = Base.lproj/LaunchScreen.storyboard; sourceTree = "<group>"; };
		BDF8B42C1C527BF00044F450 /* Info.plist */ = {isa = PBXFileReference; lastKnownFileType = text.plist.xml; path = Info.plist; sourceTree = "<group>"; };
		BDF8B4321C52B4C20044F450 /* DragImg.swift */ = {isa = PBXFileReference; fileEncoding = 4; lastKnownFileType = sourcecode.swift; path = DragImg.swift; sourceTree = "<group>"; };
		BDF8B4341C52BCEA0044F450 /* MonsterImg.swift */ = {isa = PBXFileReference; fileEncoding = 4; lastKnownFileType = sourcecode.swift; path = MonsterImg.swift; sourceTree = "<group>"; };
		BDF8B4361C54759E0044F450 /* bite.wav */ = {isa = PBXFileReference; lastKnownFileType = audio.wav; path = bite.wav; sourceTree = "<group>"; };
		BDF8B4371C54759E0044F450 /* cave-music.mp3 */ = {isa = PBXFileReference; lastKnownFileType = audio.mp3; path = "cave-music.mp3"; sourceTree = "<group>"; };
		BDF8B4381C54759E0044F450 /* death.wav */ = {isa = PBXFileReference; lastKnownFileType = audio.wav; path = death.wav; sourceTree = "<group>"; };
		BDF8B4391C54759E0044F450 /* heart.wav */ = {isa = PBXFileReference; lastKnownFileType = audio.wav; path = heart.wav; sourceTree = "<group>"; };
		BDF8B43A1C54759E0044F450 /* skull.wav */ = {isa = PBXFileReference; lastKnownFileType = audio.wav; path = skull.wav; sourceTree = "<group>"; };
/* End PBXFileReference section */

/* Begin PBXFrameworksBuildPhase section */
		BDF8B41A1C527BF00044F450 /* Frameworks */ = {
			isa = PBXFrameworksBuildPhase;
			buildActionMask = 2147483647;
			files = (
			);
			runOnlyForDeploymentPostprocessing = 0;
		};
/* End PBXFrameworksBuildPhase section */

/* Begin PBXGroup section */
		BDF8B4141C527BF00044F450 = {
			isa = PBXGroup;
			children = (
				BDF8B41F1C527BF00044F450 /* MyLittleMonster */,
				BDF8B41E1C527BF00044F450 /* Products */,
			);
			sourceTree = "<group>";
		};
		BDF8B41E1C527BF00044F450 /* Products */ = {
			isa = PBXGroup;
			children = (
				BDF8B41D1C527BF00044F450 /* MyLittleMonster.app */,
			);
			name = Products;
			sourceTree = "<group>";
		};
		BDF8B41F1C527BF00044F450 /* MyLittleMonster */ = {
			isa = PBXGroup;
			children = (
				BDF8B4361C54759E0044F450 /* bite.wav */,
				BDF8B4371C54759E0044F450 /* cave-music.mp3 */,
				BDF8B4381C54759E0044F450 /* death.wav */,
				BDF8B4391C54759E0044F450 /* heart.wav */,
				BDF8B43A1C54759E0044F450 /* skull.wav */,
				BDF8B4201C527BF00044F450 /* AppDelegate.swift */,
				BDF8B4221C527BF00044F450 /* ViewController.swift */,
				BDF8B4241C527BF00044F450 /* Main.storyboard */,
				BDF8B4271C527BF00044F450 /* Assets.xcassets */,
				BDF8B4291C527BF00044F450 /* LaunchScreen.storyboard */,
				BDF8B42C1C527BF00044F450 /* Info.plist */,
				BDF8B4321C52B4C20044F450 /* DragImg.swift */,
				BDF8B4341C52BCEA0044F450 /* MonsterImg.swift */,
			);
			path = MyLittleMonster;
			sourceTree = "<group>";
		};
/* End PBXGroup section */

/* Begin PBXNativeTarget section */
		BDF8B41C1C527BF00044F450 /* MyLittleMonster */ = {
			isa = PBXNativeTarget;
			buildConfigurationList = BDF8B42F1C527BF00044F450 /* Build configuration list for PBXNativeTarget "MyLittleMonster" */;
			buildPhases = (
				BDF8B4191C527BF00044F450 /* Sources */,
				BDF8B41A1C527BF00044F450 /* Frameworks */,
				BDF8B41B1C527BF00044F450 /* Resources */,
			);
			buildRules = (
			);
			dependencies = (
			);
			name = MyLittleMonster;
			productName = MyLittleMonster;
			productReference = BDF8B41D1C527BF00044F450 /* MyLittleMonster.app */;
			productType = "com.apple.product-type.application";
		};
/* End PBXNativeTarget section */

/* Begin PBXProject section */
		BDF8B4151C527BF00044F450 /* Project object */ = {
			isa = PBXProject;
			attributes = {
				LastSwiftUpdateCheck = 0720;
				LastUpgradeCheck = 0720;
				ORGANIZATIONNAME = "Digimark Technical Solutions";
				TargetAttributes = {
					BDF8B41C1C527BF00044F450 = {
						CreatedOnToolsVersion = 7.2;
					};
				};
			};
			buildConfigurationList = BDF8B4181C527BF00044F450 /* Build configuration list for PBXProject "MyLittleMonster" */;
			compatibilityVersion = "Xcode 3.2";
			developmentRegion = English;
			hasScannedForEncodings = 0;
			knownRegions = (
				en,
				Base,
			);
			mainGroup = BDF8B4141C527BF00044F450;
			productRefGroup = BDF8B41E1C527BF00044F450 /* Products */;
			projectDirPath = "";
			projectRoot = "";
			targets = (
				BDF8B41C1C527BF00044F450 /* MyLittleMonster */,
			);
		};
/* End PBXProject section */

/* Begin PBXResourcesBuildPhase section */
		BDF8B41B1C527BF00044F450 /* Resources */ = {
			isa = PBXResourcesBuildPhase;
			buildActionMask = 2147483647;
			files = (
				BDF8B43F1C54759E0044F450 /* skull.wav in Resources */,
				BDF8B43B1C54759E0044F450 /* bite.wav in Resources */,
				BDF8B43D1C54759E0044F450 /* death.wav in Resources */,
				BDF8B43E1C54759E0044F450 /* heart.wav in Resources */,
				BDF8B43C1C54759E0044F450 /* cave-music.mp3 in Resources */,
				BDF8B42B1C527BF00044F450 /* LaunchScreen.storyboard in Resources */,
				BDF8B4281C527BF00044F450 /* Assets.xcassets in Resources */,
				BDF8B4261C527BF00044F450 /* Main.storyboard in Resources */,
			);
			runOnlyForDeploymentPostprocessing = 0;
		};
/* End PBXResourcesBuildPhase section */

/* Begin PBXSourcesBuildPhase section */
		BDF8B4191C527BF00044F450 /* Sources */ = {
			isa = PBXSourcesBuildPhase;
			buildActionMask = 2147483647;
			files = (
				BDF8B4351C52BCEA0044F450 /* MonsterImg.swift in Sources */,
				BDF8B4331C52B4C20044F450 /* DragImg.swift in Sources */,
				BDF8B4231C527BF00044F450 /* ViewController.swift in Sources */,
				BDF8B4211C527BF00044F450 /* AppDelegate.swift in Sources */,
			);
			runOnlyForDeploymentPostprocessing = 0;
		};
/* End PBXSourcesBuildPhase section */

/* Begin PBXVariantGroup section */
		BDF8B4241C527BF00044F450 /* Main.storyboard */ = {
			isa = PBXVariantGroup;
			children = (
				BDF8B4251C527BF00044F450 /* Base */,
			);
			name = Main.storyboard;
			sourceTree = "<group>";
		};
		BDF8B4291C527BF00044F450 /* LaunchScreen.storyboard */ = {
			isa = PBXVariantGroup;
			children = (
				BDF8B42A1C527BF00044F450 /* Base */,
			);
			name = LaunchScreen.storyboard;
			sourceTree = "<group>";
		};
/* End PBXVariantGroup section */

/* Begin XCBuildConfiguration section */
		BDF8B42D1C527BF00044F450 /* Debug */ = {
			isa = XCBuildConfiguration;
			buildSettings = {
				ALWAYS_SEARCH_USER_PATHS = NO;
				CLANG_CXX_LANGUAGE_STANDARD = "gnu++0x";
				CLANG_CXX_LIBRARY = "libc++";
				CLANG_ENABLE_MODULES = YES;
				CLANG_ENABLE_OBJC_ARC = YES;
				CLANG_WARN_BOOL_CONVERSION = YES;
				CLANG_WARN_CONSTANT_CONVERSION = YES;
				CLANG_WARN_DIRECT_OBJC_ISA_USAGE = YES_ERROR;
				CLANG_WARN_EMPTY_BODY = YES;
				CLANG_WARN_ENUM_CONVERSION = YES;
				CLANG_WARN_INT_CONVERSION = YES;
				CLANG_WARN_OBJC_ROOT_CLASS = YES_ERROR;
				CLANG_WARN_UNREACHABLE_CODE = YES;
				CLANG_WARN__DUPLICATE_METHOD_MATCH = YES;
				"CODE_SIGN_IDENTITY[sdk=iphoneos*]" = "iPhone Developer";
				COPY_PHASE_STRIP = NO;
				DEBUG_INFORMATION_FORMAT = dwarf;
				ENABLE_STRICT_OBJC_MSGSEND = YES;
				ENABLE_TESTABILITY = YES;
				GCC_C_LANGUAGE_STANDARD = gnu99;
				GCC_DYNAMIC_NO_PIC = NO;
				GCC_NO_COMMON_BLOCKS = YES;
				GCC_OPTIMIZATION_LEVEL = 0;
				GCC_PREPROCESSOR_DEFINITIONS = (
					"DEBUG=1",
					"$(inherited)",
				);
				GCC_WARN_64_TO_32_BIT_CONVERSION = YES;
				GCC_WARN_ABOUT_RETURN_TYPE = YES_ERROR;
				GCC_WARN_UNDECLARED_SELECTOR = YES;
				GCC_WARN_UNINITIALIZED_AUTOS = YES_AGGRESSIVE;
				GCC_WARN_UNUSED_FUNCTION = YES;
				GCC_WARN_UNUSED_VARIABLE = YES;
				IPHONEOS_DEPLOYMENT_TARGET = 9.2;
				MTL_ENABLE_DEBUG_INFO = YES;
				ONLY_ACTIVE_ARCH = YES;
				SDKROOT = iphoneos;
				SWIFT_OPTIMIZATION_LEVEL = "-Onone";
			};
			name = Debug;
		};
		BDF8B42E1C527BF00044F450 /* Release */ = {
			isa = XCBuildConfiguration;
			buildSettings = {
				ALWAYS_SEARCH_USER_PATHS = NO;
				CLANG_CXX_LANGUAGE_STANDARD = "gnu++0x";
				CLANG_CXX_LIBRARY = "libc++";
				CLANG_ENABLE_MODULES = YES;
				CLANG_ENABLE_OBJC_ARC = YES;
				CLANG_WARN_BOOL_CONVERSION = YES;
				CLANG_WARN_CONSTANT_CONVERSION = YES;
				CLANG_WARN_DIRECT_OBJC_ISA_USAGE = YES_ERROR;
				CLANG_WARN_EMPTY_BODY = YES;
				CLANG_WARN_ENUM_CONVERSION = YES;
				CLANG_WARN_INT_CONVERSION = YES;
				CLANG_WARN_OBJC_ROOT_CLASS = YES_ERROR;
				CLANG_WARN_UNREACHABLE_CODE = YES;
				CLANG_WARN__DUPLICATE_METHOD_MATCH = YES;
				"CODE_SIGN_IDENTITY[sdk=iphoneos*]" = "iPhone Developer";
				COPY_PHASE_STRIP = NO;
				DEBUG_INFORMATION_FORMAT = "dwarf-with-dsym";
				ENABLE_NS_ASSERTIONS = NO;
				ENABLE_STRICT_OBJC_MSGSEND = YES;
				GCC_C_LANGUAGE_STANDARD = gnu99;
				GCC_NO_COMMON_BLOCKS = YES;
				GCC_WARN_64_TO_32_BIT_CONVERSION = YES;
				GCC_WARN_ABOUT_RETURN_TYPE = YES_ERROR;
				GCC_WARN_UNDECLARED_SELECTOR = YES;
				GCC_WARN_UNINITIALIZED_AUTOS = YES_AGGRESSIVE;
				GCC_WARN_UNUSED_FUNCTION = YES;
				GCC_WARN_UNUSED_VARIABLE = YES;
				IPHONEOS_DEPLOYMENT_TARGET = 9.2;
				MTL_ENABLE_DEBUG_INFO = NO;
				SDKROOT = iphoneos;
				VALIDATE_PRODUCT = YES;
			};
			name = Release;
		};
		BDF8B4301C527BF00044F450 /* Debug */ = {
			isa = XCBuildConfiguration;
			buildSettings = {
				ASSETCATALOG_COMPILER_APPICON_NAME = AppIcon;
				INFOPLIST_FILE = MyLittleMonster/Info.plist;
				LD_RUNPATH_SEARCH_PATHS = "$(inherited) @executable_path/Frameworks";
				PRODUCT_BUNDLE_IDENTIFIER = com.digimarktech.MyLittleMonster;
				PRODUCT_NAME = "$(TARGET_NAME)";
			};
			name = Debug;
		};
		BDF8B4311C527BF00044F450 /* Release */ = {
			isa = XCBuildConfiguration;
			buildSettings = {
				ASSETCATALOG_COMPILER_APPICON_NAME = AppIcon;
				INFOPLIST_FILE = MyLittleMonster/Info.plist;
				LD_RUNPATH_SEARCH_PATHS = "$(inherited) @executable_path/Frameworks";
				PRODUCT_BUNDLE_IDENTIFIER = com.digimarktech.MyLittleMonster;
				PRODUCT_NAME = "$(TARGET_NAME)";
			};
			name = Release;
		};
/* End XCBuildConfiguration section */

/* Begin XCConfigurationList section */
		BDF8B4181C527BF00044F450 /* Build configuration list for PBXProject "MyLittleMonster" */ = {
			isa = XCConfigurationList;
			buildConfigurations = (
				BDF8B42D1C527BF00044F450 /* Debug */,
				BDF8B42E1C527BF00044F450 /* Release */,
			);
			defaultConfigurationIsVisible = 0;
			defaultConfigurationName = Release;
		};
		BDF8B42F1C527BF00044F450 /* Build configuration list for PBXNativeTarget "MyLittleMonster" */ = {
			isa = XCConfigurationList;
			buildConfigurations = (
				BDF8B4301C527BF00044F450 /* Debug */,
				BDF8B4311C527BF00044F450 /* Release */,
			);
			defaultConfigurationIsVisible = 0;
		};
/* End XCConfigurationList section */
	};
	rootObject = BDF8B4151C527BF00044F450 /* Project object */;
}
